
Microsoft Visual Studio Solution File, Format Version 12.00
# Visual Studio Version 16
VisualStudioVersion = 16.0.33027.164
MinimumVisualStudioVersion = 10.0.40219.1
Project("{FAE04EC0-301F-11D3-BF4B-00C04F79EFBC}") = "bankamatik", "bankamatik\bankamatik.csproj", "{646CBFD0-647C-49D4-95FF-A6ED31475C59}"
EndProject
Global
	GlobalSection(SolutionConfigurationPlatforms) = preSolution
		Debug|Any CPU = Debug|Any CPU
		Release|Any CPU = Release|Any CPU
	EndGlobalSection
	GlobalSection(ProjectConfigurationPlatforms) = postSolution
		{646CBFD0-647C-49D4-95FF-A6ED31475C59}.Debug|Any CPU.ActiveCfg = Debug|Any CPU
		{646CBFD0-647C-49D4-95FF-A6ED31475C59}.Debug|Any CPU.Build.0 = Debug|Any CPU
		{646CBFD0-647C-49D4-95FF-A6ED31475C59}.Release|Any CPU.ActiveCfg = Release|Any CPU
		{646CBFD0-647C-49D4-95FF-A6ED31475C59}.Release|Any CPU.Build.0 = Release|Any CPU
	EndGlobalSection
	GlobalSection(SolutionProperties) = preSolution
		HideSolutionNode = FALSE
	EndGlobalSection
	GlobalSection(ExtensibilityGlobals) = postSolution
		SolutionGuid = {51499DEE-D89E-4AF4-883A-2885CB2F6A46}
	EndGlobalSection
EndGlobal
